
Microsoft Visual Studio Solution File, Format Version 12.00
# Visual Studio Version 16
VisualStudioVersion = 16.0.30517.126
MinimumVisualStudioVersion = 10.0.40219.1
Project("{FAE04EC0-301F-11D3-BF4B-00C04F79EFBC}") = "PortfolioVisualizer", "PortfolioVisualizer.csproj", "{30F67C53-472A-4023-B30A-07B36CD59654}"
EndProject
Global
	GlobalSection(SolutionConfigurationPlatforms) = preSolution
		Debug|Any CPU = Debug|Any CPU
		Release|Any CPU = Release|Any CPU
	EndGlobalSection
	GlobalSection(ProjectConfigurationPlatforms) = postSolution
		{30F67C53-472A-4023-B30A-07B36CD59654}.Debug|Any CPU.ActiveCfg = Debug|Any CPU
		{30F67C53-472A-4023-B30A-07B36CD59654}.Debug|Any CPU.Build.0 = Debug|Any CPU
		{30F67C53-472A-4023-B30A-07B36CD59654}.Release|Any CPU.ActiveCfg = Release|Any CPU
		{30F67C53-472A-4023-B30A-07B36CD59654}.Release|Any CPU.Build.0 = Release|Any CPU
	EndGlobalSection
	GlobalSection(SolutionProperties) = preSolution
		HideSolutionNode = FALSE
	EndGlobalSection
	GlobalSection(ExtensibilityGlobals) = postSolution
		SolutionGuid = {6D43E694-62CA-4AA2-A467-8900B7013C12}
	EndGlobalSection
EndGlobal
